
Microsoft Visual Studio Solution File, Format Version 12.00
# Visual Studio Version 17
VisualStudioVersion = 17.5.2.0
MinimumVisualStudioVersion = 10.0.40219.1
Project("{FAE04EC0-301F-11D3-BF4B-00C04F79EFBC}") = "Challenge", "Challenge\Challenge.csproj", "{A908454A-483A-FD72-074D-D5C17CD24AE2}"
EndProject
Project("{FAE04EC0-301F-11D3-BF4B-00C04F79EFBC}") = "Challenge.Tests", "Challenge.Tests\Challenge.Tests.csproj", "{68E960D6-DA03-4332-BF39-041006737D8D}"
EndProject
Global
	GlobalSection(SolutionConfigurationPlatforms) = preSolution
		Debug|Any CPU = Debug|Any CPU
		Debug|x64 = Debug|x64
		Debug|x86 = Debug|x86
		Release|Any CPU = Release|Any CPU
		Release|x64 = Release|x64
		Release|x86 = Release|x86
	EndGlobalSection
	GlobalSection(ProjectConfigurationPlatforms) = postSolution
		{A908454A-483A-FD72-074D-D5C17CD24AE2}.Debug|Any CPU.ActiveCfg = Debug|Any CPU
		{A908454A-483A-FD72-074D-D5C17CD24AE2}.Debug|Any CPU.Build.0 = Debug|Any CPU
		{A908454A-483A-FD72-074D-D5C17CD24AE2}.Debug|x64.ActiveCfg = Debug|Any CPU
		{A908454A-483A-FD72-074D-D5C17CD24AE2}.Debug|x64.Build.0 = Debug|Any CPU
		{A908454A-483A-FD72-074D-D5C17CD24AE2}.Debug|x86.ActiveCfg = Debug|Any CPU
		{A908454A-483A-FD72-074D-D5C17CD24AE2}.Debug|x86.Build.0 = Debug|Any CPU
		{A908454A-483A-FD72-074D-D5C17CD24AE2}.Release|Any CPU.ActiveCfg = Release|Any CPU
		{A908454A-483A-FD72-074D-D5C17CD24AE2}.Release|Any CPU.Build.0 = Release|Any CPU
		{A908454A-483A-FD72-074D-D5C17CD24AE2}.Release|x64.ActiveCfg = Release|Any CPU
		{A908454A-483A-FD72-074D-D5C17CD24AE2}.Release|x64.Build.0 = Release|Any CPU
		{A908454A-483A-FD72-074D-D5C17CD24AE2}.Release|x86.ActiveCfg = Release|Any CPU
		{A908454A-483A-FD72-074D-D5C17CD24AE2}.Release|x86.Build.0 = Release|Any CPU
		{68E960D6-DA03-4332-BF39-041006737D8D}.Debug|Any CPU.ActiveCfg = Debug|Any CPU
		{68E960D6-DA03-4332-BF39-041006737D8D}.Debug|Any CPU.Build.0 = Debug|Any CPU
		{68E960D6-DA03-4332-BF39-041006737D8D}.Debug|x64.ActiveCfg = Debug|Any CPU
		{68E960D6-DA03-4332-BF39-041006737D8D}.Debug|x64.Build.0 = Debug|Any CPU
		{68E960D6-DA03-4332-BF39-041006737D8D}.Debug|x86.ActiveCfg = Debug|Any CPU
		{68E960D6-DA03-4332-BF39-041006737D8D}.Debug|x86.Build.0 = Debug|Any CPU
		{68E960D6-DA03-4332-BF39-041006737D8D}.Release|Any CPU.ActiveCfg = Release|Any CPU
		{68E960D6-DA03-4332-BF39-041006737D8D}.Release|Any CPU.Build.0 = Release|Any CPU
		{68E960D6-DA03-4332-BF39-041006737D8D}.Release|x64.ActiveCfg = Release|Any CPU
		{68E960D6-DA03-4332-BF39-041006737D8D}.Release|x64.Build.0 = Release|Any CPU
		{68E960D6-DA03-4332-BF39-041006737D8D}.Release|x86.ActiveCfg = Release|Any CPU
		{68E960D6-DA03-4332-BF39-041006737D8D}.Release|x86.Build.0 = Release|Any CPU
	EndGlobalSection
	GlobalSection(SolutionProperties) = preSolution
		HideSolutionNode = FALSE
	EndGlobalSection
	GlobalSection(ExtensibilityGlobals) = postSolution
		SolutionGuid = {B763734F-72B0-4F03-A373-0626FD62BB21}
	EndGlobalSection
EndGlobal
